
Microsoft Visual Studio Solution File, Format Version 12.00
# Visual Studio Version 17
VisualStudioVersion = 17.2.32602.215
MinimumVisualStudioVersion = 10.0.40219.1
Project("{FAE04EC0-301F-11D3-BF4B-00C04F79EFBC}") = "BackjoonCodingTest", "BackjoonCodingTest\BackjoonCodingTest.csproj", "{E4F98E5D-B4CA-4120-98D0-D215D1BA1F13}"
EndProject
Project("{FAE04EC0-301F-11D3-BF4B-00C04F79EFBC}") = "No_1000", "No_1000\No_1000.csproj", "{6EA02AFB-DDAA-4A3E-8253-F683C90DD3A7}"
EndProject
Project("{FAE04EC0-301F-11D3-BF4B-00C04F79EFBC}") = "No_1001", "No_1001\No_1001.csproj", "{3688837E-59C6-44C0-9196-04107D7952F1}"
EndProject
Project("{FAE04EC0-301F-11D3-BF4B-00C04F79EFBC}") = "No_1008", "No_1008\No_1008.csproj", "{A58BF7A2-7B90-4654-B257-54B3153B2039}"
EndProject
Project("{FAE04EC0-301F-11D3-BF4B-00C04F79EFBC}") = "No_1330", "No_1330\No_1330.csproj", "{8FA9B387-DEDC-4C51-8DCD-C393D4550372}"
EndProject
Project("{FAE04EC0-301F-11D3-BF4B-00C04F79EFBC}") = "No_2438", "No_2438\No_2438.csproj", "{45D6A840-1022-4D31-BEE5-BCC1A6841C1B}"
EndProject
Project("{FAE04EC0-301F-11D3-BF4B-00C04F79EFBC}") = "No_2475", "No_2475\No_2475.csproj", "{6366124C-EFEC-424D-B182-19489EB298F1}"
EndProject
Project("{FAE04EC0-301F-11D3-BF4B-00C04F79EFBC}") = "No_2557", "No_2557\No_2557.csproj", "{38B59651-C239-402B-98CC-2EE36BB35774}"
EndProject
Project("{FAE04EC0-301F-11D3-BF4B-00C04F79EFBC}") = "No_2739", "No_2739\No_2739.csproj", "{A90F4ED2-1857-42ED-84DD-18ACE17C8DD9}"
EndProject
Global
	GlobalSection(SolutionConfigurationPlatforms) = preSolution
		Debug|Any CPU = Debug|Any CPU
		Release|Any CPU = Release|Any CPU
	EndGlobalSection
	GlobalSection(ProjectConfigurationPlatforms) = postSolution
		{E4F98E5D-B4CA-4120-98D0-D215D1BA1F13}.Debug|Any CPU.ActiveCfg = Debug|Any CPU
		{E4F98E5D-B4CA-4120-98D0-D215D1BA1F13}.Debug|Any CPU.Build.0 = Debug|Any CPU
		{E4F98E5D-B4CA-4120-98D0-D215D1BA1F13}.Release|Any CPU.ActiveCfg = Release|Any CPU
		{E4F98E5D-B4CA-4120-98D0-D215D1BA1F13}.Release|Any CPU.Build.0 = Release|Any CPU
		{6EA02AFB-DDAA-4A3E-8253-F683C90DD3A7}.Debug|Any CPU.ActiveCfg = Debug|Any CPU
		{6EA02AFB-DDAA-4A3E-8253-F683C90DD3A7}.Debug|Any CPU.Build.0 = Debug|Any CPU
		{6EA02AFB-DDAA-4A3E-8253-F683C90DD3A7}.Release|Any CPU.ActiveCfg = Release|Any CPU
		{6EA02AFB-DDAA-4A3E-8253-F683C90DD3A7}.Release|Any CPU.Build.0 = Release|Any CPU
		{3688837E-59C6-44C0-9196-04107D7952F1}.Debug|Any CPU.ActiveCfg = Debug|Any CPU
		{3688837E-59C6-44C0-9196-04107D7952F1}.Debug|Any CPU.Build.0 = Debug|Any CPU
		{3688837E-59C6-44C0-9196-04107D7952F1}.Release|Any CPU.ActiveCfg = Release|Any CPU
		{3688837E-59C6-44C0-9196-04107D7952F1}.Release|Any CPU.Build.0 = Release|Any CPU
		{A58BF7A2-7B90-4654-B257-54B3153B2039}.Debug|Any CPU.ActiveCfg = Debug|Any CPU
		{A58BF7A2-7B90-4654-B257-54B3153B2039}.Debug|Any CPU.Build.0 = Debug|Any CPU
		{A58BF7A2-7B90-4654-B257-54B3153B2039}.Release|Any CPU.ActiveCfg = Release|Any CPU
		{A58BF7A2-7B90-4654-B257-54B3153B2039}.Release|Any CPU.Build.0 = Release|Any CPU
		{8FA9B387-DEDC-4C51-8DCD-C393D4550372}.Debug|Any CPU.ActiveCfg = Debug|Any CPU
		{8FA9B387-DEDC-4C51-8DCD-C393D4550372}.Debug|Any CPU.Build.0 = Debug|Any CPU
		{8FA9B387-DEDC-4C51-8DCD-C393D4550372}.Release|Any CPU.ActiveCfg = Release|Any CPU
		{8FA9B387-DEDC-4C51-8DCD-C393D4550372}.Release|Any CPU.Build.0 = Release|Any CPU
		{45D6A840-1022-4D31-BEE5-BCC1A6841C1B}.Debug|Any CPU.ActiveCfg = Debug|Any CPU
		{45D6A840-1022-4D31-BEE5-BCC1A6841C1B}.Debug|Any CPU.Build.0 = Debug|Any CPU
		{45D6A840-1022-4D31-BEE5-BCC1A6841C1B}.Release|Any CPU.ActiveCfg = Release|Any CPU
		{45D6A840-1022-4D31-BEE5-BCC1A6841C1B}.Release|Any CPU.Build.0 = Release|Any CPU
		{6366124C-EFEC-424D-B182-19489EB298F1}.Debug|Any CPU.ActiveCfg = Debug|Any CPU
		{6366124C-EFEC-424D-B182-19489EB298F1}.Debug|Any CPU.Build.0 = Debug|Any CPU
		{6366124C-EFEC-424D-B182-19489EB298F1}.Release|Any CPU.ActiveCfg = Release|Any CPU
		{6366124C-EFEC-424D-B182-19489EB298F1}.Release|Any CPU.Build.0 = Release|Any CPU
		{38B59651-C239-402B-98CC-2EE36BB35774}.Debug|Any CPU.ActiveCfg = Debug|Any CPU
		{38B59651-C239-402B-98CC-2EE36BB35774}.Debug|Any CPU.Build.0 = Debug|Any CPU
		{38B59651-C239-402B-98CC-2EE36BB35774}.Release|Any CPU.ActiveCfg = Release|Any CPU
		{38B59651-C239-402B-98CC-2EE36BB35774}.Release|Any CPU.Build.0 = Release|Any CPU
		{A90F4ED2-1857-42ED-84DD-18ACE17C8DD9}.Debug|Any CPU.ActiveCfg = Debug|Any CPU
		{A90F4ED2-1857-42ED-84DD-18ACE17C8DD9}.Debug|Any CPU.Build.0 = Debug|Any CPU
		{A90F4ED2-1857-42ED-84DD-18ACE17C8DD9}.Release|Any CPU.ActiveCfg = Release|Any CPU
		{A90F4ED2-1857-42ED-84DD-18ACE17C8DD9}.Release|Any CPU.Build.0 = Release|Any CPU
	EndGlobalSection
	GlobalSection(SolutionProperties) = preSolution
		HideSolutionNode = FALSE
	EndGlobalSection
	GlobalSection(ExtensibilityGlobals) = postSolution
		SolutionGuid = {D628164A-A8E6-4B00-A312-D1D6A3B5AE47}
	EndGlobalSection
EndGlobal
